{
    "_meta": {
        "hash": {
            "sha256": "599a99930f988fb0ce7d9948b79f36a0b473d4c69329554d547ca655c41854f0"
        },
        "pipfile-spec": 6,
        "requires": {
            "python_version": "3.8"
        },
        "sources": [
            {
                "name": "pypi",
                "url": "https://pypi.org/simple",
                "verify_ssl": true
            }
        ]
    },
    "default": {
        "certifi": {
            "hashes": [
                "sha256:78884e7c1d4b00ce3cea67b44566851c4343c120abd683433ce934a68ea58872",
                "sha256:d62a0163eb4c2344ac042ab2bdf75399a71a2d8c7d47eac2e2ee91b9d6339569"
            ],
            "version": "==2021.10.8"
        },
        "charset-normalizer": {
            "hashes": [
                "sha256:2857e29ff0d34db842cd7ca3230549d1a697f96ee6d3fb071cfa6c7393832597",
                "sha256:6881edbebdb17b39b4eaaa821b438bf6eddffb4468cf344f09f89def34a8b1df"
            ],
            "markers": "python_version >= '3'",
            "version": "==2.0.12"
        },
        "crazyslam": {
            "path": "./lib/CrazySLAM-master"
        },
        "idna": {
            "hashes": [
                "sha256:84d9dd047ffa80596e0f246e2eab0b391788b0503584e8945f2368256d2735ff",
                "sha256:9d643ff0a55b762d5cdb124b8eaa99c66322e2157b69160bc32796e824360e6d"
            ],
            "markers": "python_version >= '3'",
            "version": "==3.3"
        },
        "numpy": {
            "hashes": [
                "sha256:07a8c89a04997625236c5ecb7afe35a02af3896c8aa01890a849913a2309c676",
                "sha256:08d9b008d0156c70dc392bb3ab3abb6e7a711383c3247b410b39962263576cd4",
                "sha256:201b4d0552831f7250a08d3b38de0d989d6f6e4658b709a02a73c524ccc6ffce",
                "sha256:2c10a93606e0b4b95c9b04b77dc349b398fdfbda382d2a39ba5a822f669a0123",
                "sha256:3ca688e1b9b95d80250bca34b11a05e389b1420d00e87a0d12dc45f131f704a1",
                "sha256:48a3aecd3b997bf452a2dedb11f4e79bc5bfd21a1d4cc760e703c31d57c84b3e",
                "sha256:568dfd16224abddafb1cbcce2ff14f522abe037268514dd7e42c6776a1c3f8e5",
                "sha256:5bfb1bb598e8229c2d5d48db1860bcf4311337864ea3efdbe1171fb0c5da515d",
                "sha256:639b54cdf6aa4f82fe37ebf70401bbb74b8508fddcf4797f9fe59615b8c5813a",
                "sha256:8251ed96f38b47b4295b1ae51631de7ffa8260b5b087808ef09a39a9d66c97ab",
                "sha256:92bfa69cfbdf7dfc3040978ad09a48091143cffb778ec3b03fa170c494118d75",
                "sha256:97098b95aa4e418529099c26558eeb8486e66bd1e53a6b606d684d0c3616b168",
                "sha256:a3bae1a2ed00e90b3ba5f7bd0a7c7999b55d609e0c54ceb2b076a25e345fa9f4",
                "sha256:c34ea7e9d13a70bf2ab64a2532fe149a9aced424cd05a2c4ba662fd989e3e45f",
                "sha256:dbc7601a3b7472d559dc7b933b18b4b66f9aa7452c120e87dfb33d02008c8a18",
                "sha256:e7927a589df200c5e23c57970bafbd0cd322459aa7b1ff73b7c2e84d6e3eae62",
                "sha256:f8c1f39caad2c896bc0018f699882b345b2a63708008be29b1f355ebf6f933fe",
                "sha256:f950f8845b480cffe522913d35567e29dd381b0dc7e4ce6a4a9f9156417d2430",
                "sha256:fade0d4f4d292b6f39951b6836d7a3c7ef5b2347f3c420cd9820a1d90d794802",
                "sha256:fdf3c08bce27132395d3c3ba1503cac12e17282358cb4bddc25cc46b0aca07aa"
            ],
            "markers": "python_version >= '3.8'",
            "version": "==1.22.3"
        },
        "opencv-python": {
            "hashes": [
                "sha256:408d5332550287aa797fd06bef47b2dfed163c6787668cc82ef9123a9484b56a",
                "sha256:6247e584813c00c3b9ed69a795da40d2c153dc923d0182e957e1c2f00a554ac2",
                "sha256:7787bb017ae93d5f9bb1b817ac8e13e45dd193743cb648498fcab21d00cf20a3",
                "sha256:a512a0c59b6fec0fac3844b2f47d6ecb1a9d18d235e6c5491ce8dbbe0663eae8",
                "sha256:b293ced62f4360d9f11cf72ae7e9df95320ff7bf5b834d87546f844e838c0c35",
                "sha256:ca6138b6903910e384067d001763d40f97656875487381aed32993b076f44375",
                "sha256:f65de0446a330c3b773cd04ba10345d8ce1b15dcac3f49770204e37602d0b3f7"
            ],
            "index": "pypi",
            "version": "==4.5.5.64"
        },
        "paho-mqtt": {
            "hashes": [
                "sha256:2a8291c81623aec00372b5a85558a372c747cbca8e9934dfe218638b8eefc26f"
            ],
            "index": "pypi",
            "version": "==1.6.1"
        },
        "pillow": {
            "hashes": [
                "sha256:011233e0c42a4a7836498e98c1acf5e744c96a67dd5032a6f666cc1fb97eab97",
                "sha256:0f29d831e2151e0b7b39981756d201f7108d3d215896212ffe2e992d06bfe049",
                "sha256:12875d118f21cf35604176872447cdb57b07126750a33748bac15e77f90f1f9c",
                "sha256:14d4b1341ac07ae07eb2cc682f459bec932a380c3b122f5540432d8977e64eae",
                "sha256:1c3c33ac69cf059bbb9d1a71eeaba76781b450bc307e2291f8a4764d779a6b28",
                "sha256:1d19397351f73a88904ad1aee421e800fe4bbcd1aeee6435fb62d0a05ccd1030",
                "sha256:253e8a302a96df6927310a9d44e6103055e8fb96a6822f8b7f514bb7ef77de56",
                "sha256:2632d0f846b7c7600edf53c48f8f9f1e13e62f66a6dbc15191029d950bfed976",
                "sha256:335ace1a22325395c4ea88e00ba3dc89ca029bd66bd5a3c382d53e44f0ccd77e",
                "sha256:413ce0bbf9fc6278b2d63309dfeefe452835e1c78398efb431bab0672fe9274e",
                "sha256:5100b45a4638e3c00e4d2320d3193bdabb2d75e79793af7c3eb139e4f569f16f",
                "sha256:514ceac913076feefbeaf89771fd6febde78b0c4c1b23aaeab082c41c694e81b",
                "sha256:528a2a692c65dd5cafc130de286030af251d2ee0483a5bf50c9348aefe834e8a",
                "sha256:6295f6763749b89c994fcb6d8a7f7ce03c3992e695f89f00b741b4580b199b7e",
                "sha256:6c8bc8238a7dfdaf7a75f5ec5a663f4173f8c367e5a39f87e720495e1eed75fa",
                "sha256:718856856ba31f14f13ba885ff13874be7fefc53984d2832458f12c38205f7f7",
                "sha256:7f7609a718b177bf171ac93cea9fd2ddc0e03e84d8fa4e887bdfc39671d46b00",
                "sha256:80ca33961ced9c63358056bd08403ff866512038883e74f3a4bf88ad3eb66838",
                "sha256:80fe64a6deb6fcfdf7b8386f2cf216d329be6f2781f7d90304351811fb591360",
                "sha256:81c4b81611e3a3cb30e59b0cf05b888c675f97e3adb2c8672c3154047980726b",
                "sha256:855c583f268edde09474b081e3ddcd5cf3b20c12f26e0d434e1386cc5d318e7a",
                "sha256:9bfdb82cdfeccec50aad441afc332faf8606dfa5e8efd18a6692b5d6e79f00fd",
                "sha256:a5d24e1d674dd9d72c66ad3ea9131322819ff86250b30dc5821cbafcfa0b96b4",
                "sha256:a9f44cd7e162ac6191491d7249cceb02b8116b0f7e847ee33f739d7cb1ea1f70",
                "sha256:b5b3f092fe345c03bca1e0b687dfbb39364b21ebb8ba90e3fa707374b7915204",
                "sha256:b9618823bd237c0d2575283f2939655f54d51b4527ec3972907a927acbcc5bfc",
                "sha256:cef9c85ccbe9bee00909758936ea841ef12035296c748aaceee535969e27d31b",
                "sha256:d21237d0cd37acded35154e29aec853e945950321dd2ffd1a7d86fe686814669",
                "sha256:d3c5c79ab7dfce6d88f1ba639b77e77a17ea33a01b07b99840d6ed08031cb2a7",
                "sha256:d9d7942b624b04b895cb95af03a23407f17646815495ce4547f0e60e0b06f58e",
                "sha256:db6d9fac65bd08cea7f3540b899977c6dee9edad959fa4eaf305940d9cbd861c",
                "sha256:ede5af4a2702444a832a800b8eb7f0a7a1c0eed55b644642e049c98d589e5092",
                "sha256:effb7749713d5317478bb3acb3f81d9d7c7f86726d41c1facca068a04cf5bb4c",
                "sha256:f154d173286a5d1863637a7dcd8c3437bb557520b01bddb0be0258dcb72696b5",
                "sha256:f25ed6e28ddf50de7e7ea99d7a976d6a9c415f03adcaac9c41ff6ff41b6d86ac"
            ],
            "markers": "python_full_version >= '3.7.0'",
            "version": "==9.0.1"
        },
        "piqa": {
            "hashes": [
                "sha256:189e4f2ffd860ab3c9e7d697b597e5b55225ac6165f0d0f1938998c0f6c21c15"
            ],
            "index": "pypi",
            "version": "==1.1.8"
        },
        "requests": {
            "hashes": [
                "sha256:68d7c56fd5a8999887728ef304a6d12edc7be74f1cfa47714fc8b414525c9a61",
                "sha256:f22fa1e554c9ddfd16e6e41ac79759e17be9e492b3587efa038054674760e72d"
            ],
            "markers": "python_version >= '2.7' and python_version not in '3.0, 3.1, 3.2, 3.3, 3.4, 3.5'",
            "version": "==2.27.1"
        },
        "scipy": {
            "hashes": [
                "sha256:011d4386b53b933142f58a652aa0f149c9b9242abd4f900b9f4ea5fbafc86b89",
                "sha256:16e09ef68b352d73befa8bcaf3ebe25d3941fe1a58c82909d5589856e6bc8174",
                "sha256:31d4f2d6b724bc9a98e527b5849b8a7e589bf1ea630c33aa563eda912c9ff0bd",
                "sha256:38aa39b6724cb65271e469013aeb6f2ce66fd44f093e241c28a9c6bc64fd79ed",
                "sha256:3d573228c10a3a8c32b9037be982e6440e411b443a6267b067cac72f690b8d56",
                "sha256:3d9dd6c8b93a22bf9a3a52d1327aca7e092b1299fb3afc4f89e8eba381be7b59",
                "sha256:559a8a4c03a5ba9fe3232f39ed24f86457e4f3f6c0abbeae1fb945029f092720",
                "sha256:5e73343c5e0d413c1f937302b2e04fb07872f5843041bcfd50699aef6e95e399",
                "sha256:723b9f878095ed994756fa4ee3060c450e2db0139c5ba248ee3f9628bd64e735",
                "sha256:87b01c7d5761e8a266a0fbdb9d88dcba0910d63c1c671bdb4d99d29f469e9e03",
                "sha256:8f4d059a97b29c91afad46b1737274cb282357a305a80bdd9e8adf3b0ca6a3f0",
                "sha256:92b2c2af4183ed09afb595709a8ef5783b2baf7f41e26ece24e1329c109691a7",
                "sha256:937d28722f13302febde29847bbe554b89073fbb924a30475e5ed7b028898b5f",
                "sha256:a279e27c7f4566ef18bab1b1e2c37d168e365080974758d107e7d237d3f0f484",
                "sha256:ad5be4039147c808e64f99c0e8a9641eb5d2fa079ff5894dcd8240e94e347af4",
                "sha256:ae3e327da323d82e918e593460e23babdce40d7ab21490ddf9fc06dec6b91a18",
                "sha256:bb7088e89cd751acf66195d2f00cf009a1ea113f3019664032d9075b1e727b6c",
                "sha256:c17a1878d00a5dd2797ccd73623ceca9d02375328f6218ee6d921e1325e61aff",
                "sha256:c2bae431d127bf0b1da81fc24e4bba0a84d058e3a96b9dd6475dfcb3c5e8761e",
                "sha256:de2e80ee1d925984c2504812a310841c241791c5279352be4707cdcd7c255039",
                "sha256:e6f0cd9c0bd374ef834ee1e0f0999678d49dcc400ea6209113d81528958f97c7",
                "sha256:f3720d0124aced49f6f2198a6900304411dbbeed12f56951d7c66ebef05e3df6",
                "sha256:f4a6d3b9f9797eb2d43938ac2c5d96d02aed17ef170c8b38f11798717523ddba"
            ],
            "markers": "python_version < '3.11' and python_version >= '3.8'",
            "version": "==1.8.0"
        },
        "sewar": {
            "hashes": [
                "sha256:a80c160dccca15505d0d9138d5d13b97c23879a62cfe4e60bb986f98d1a67098"
            ],
            "index": "pypi",
            "version": "==0.4.5"
        },
        "torch": {
            "hashes": [
                "sha256:0ccc85cd06227a3edf809e2c795fd5762c3d4e8a38b5c9f744c6e7cf841361bb",
                "sha256:0e48af66ad755f0f9c5f2664028a414f57c49d6adc37e77e06fe0004da4edb61",
                "sha256:34ce5ea4d8d85da32cdbadb50d4585106901e9f8a3527991daa70c13a09de1f7",
                "sha256:4322aa29f50da7f404db06cdf30896ea67b09f673af4a985afc7162bc897864d",
                "sha256:44a1d02fd20f827f0f36dc26fdcfc45e793806a6ad52769a22260655a77a4369",
                "sha256:50fd9bf85c578c871c28f1cb0ace9dfc6024401c7f399b174fb0f370899f4454",
                "sha256:58c7814502b1c129a650d7092033bbb0bbd64faf1a7941631aaa1aeaddc37570",
                "sha256:5d77b5ece78fdafa5c7f42995ff9474399d22571cd6b2de21a5d666306a2ff8c",
                "sha256:62052b50fffc29ca7afc0c04ef8206b6f1ca9d10629cb543077e12967e8d0398",
                "sha256:6860b1d1bf0bb0b67a6bd47f85a0e4c825b518eea13b5d6101999dbbcbd5bc0c",
                "sha256:831cf588f01dda9409e75576741d2823453990dee2983d670f2584b37a01adf7",
                "sha256:866bfba29ac98dec35d893d8e17eaec149d0ac7a53be7baae5c98069897db667",
                "sha256:8ee7c2e8d7f7020d5bfbc1bb91b9591044c26bbd0cee5e4f694cfd7ed8649260",
                "sha256:951640fb8db308a59d9b510e7d1ad910aff92913323bbe4bc75435347ddd346d",
                "sha256:b5a38682769b544c875ecc34bcb81fbad5c922139b61319aacffcfd8a32f528c",
                "sha256:b96654d42566080a134e784705f33f8536b3b95b5dcde357ed7879b1692a5f78",
                "sha256:c1554e49d74f1b2c3e7202d77056ba2dd7465437585bac64062b580f714a44e9",
                "sha256:e4d2e0ddd652f30e94cff750220324ec45705d4ecc69658f773b3cb1c7a28dd0",
                "sha256:f82d77695a60626f2b7382d85bc566de8a6b3e50d32080755abc040db802e419"
            ],
            "markers": "python_full_version >= '3.7.0'",
            "version": "==1.11.0"
        },
        "torchvision": {
            "hashes": [
                "sha256:0744902f2265d4c3e83c44a06b567df312e4a9faf8c92620016c7bed7056b5a7",
                "sha256:24d03fcaa28004c64a24124ac4a894c50f5948c8eb290e398d6c76fff2bc678f",
                "sha256:36dfdf6451fe3072ab15118982853b848896c0fd3b26cb8135e1e7981dbb0916",
                "sha256:49ed7886b93b80c9733462edd06a07f8d4c6ea4d5bd2894e7268f7a3774f4f7d",
                "sha256:693656e6790b6ab21e4a6e87e81c2982bad9e455b5eb24e14bb672382ec6130f",
                "sha256:69d82f47b67bad6ddcbb87833ba5950a6c271ba97baae4c0955610071bf034f5",
                "sha256:894dacdc64b6e35e3f330722db51c76f4de016c7bf7bd79cf02ed2f4c106e625",
                "sha256:9017248c7e526c8cdcaaab8cf41d904a520a409d707398189a06d0757901d235",
                "sha256:926666f0b893dce6619759c19b0dd3884af7a9d7022b10395653659d28e43c48",
                "sha256:9771231639afb5973cdaea1d449b451e2982e1ef5410ca67bbdc2b465565573a",
                "sha256:9f42420f7f0b29cd3d61776df3157827257a0cf16b2c02776dc16c96abb1256d",
                "sha256:a0be4501ca0ba1b195644c9243f49a1c49a26e52a7f37924c4239d0bf5ecbd8d",
                "sha256:a91db01496932350bf9c0ee8607ac8ef31c3ebfdaedefe5c5cda0515317f8b8e",
                "sha256:aac76d52c5ce4229cb0eaebb762f3391fa736565eb35a4184fa0f7be30b705cd",
                "sha256:b93a767f44e3933cb3b01a6fe9727db54590f57b7dac09d5aaf15966c6c151dd",
                "sha256:c225f55c1bfce027a03f4ca46ddb9559c83f8087c2880bed3261a76c49bb7996",
                "sha256:d1ccb53836ba886320dcda12d00ee8b5f8f38b6c36d7906f141d25778cf74104",
                "sha256:ebfb47adf65bf3926b990b2c4767e291f135e259e03232e0e1a30ecdb05eb087",
                "sha256:edab05f7ba9f648c00435b384ffdbd7bde79a3b8ea893813fb50f6ccf28b1e76"
            ],
            "markers": "python_full_version >= '3.7.0'",
            "version": "==0.12.0"
        },
        "typing-extensions": {
            "hashes": [
                "sha256:1a9462dcc3347a79b1f1c0271fbe79e844580bb598bafa1ed208b94da3cdcd42",
                "sha256:21c85e0fe4b9a155d0799430b0ad741cdce7e359660ccbd8b530613e8df88ce2"
            ],
            "markers": "python_version >= '3.6'",
            "version": "==4.1.1"
        },
        "ujson": {
            "hashes": [
                "sha256:00d6ea9702c2eaeaf1a826934eaba1b4c609c873379bf54e36ba7b7e128edf94",
                "sha256:05aa6c7297a22081f65497b6f586de6b7060ea47c3ecda80896f47200e9dbf04",
                "sha256:06bed66ae62d517f67a61cf53c056800b35ef364270723168a1db62702e2d30c",
                "sha256:08265db5ccff8b521ff68aee13a417d68cca784d7e711d961b92fda6ccffcc4f",
                "sha256:083c1078e4de3a39019e590c43865b17e07a763fee25b012e650bb4f42c89703",
                "sha256:0cae4a9c141856f7ad1a79c17ff1aaebf7fd8faa2f2c2614c37d6f82ed261d96",
                "sha256:110633a8dda6c8ca78090292231e15381f8b2423e998399d4bc5f135149c722b",
                "sha256:173b90a2c2836ee42f708df88ecfe3efbc4d868df73c9fcea8cb8f6f3ab93892",
                "sha256:202ae52f4a53f03c42ead6d046b1a146517e93bd757f517bdeef0a26228e0260",
                "sha256:31671ad99f0395eb881d698f2871dc64ff00fbd4380c5d9bfd8bff3d4c8f8d88",
                "sha256:368f855779fded560724a6448838304621f498113a116d66bc5ed5ad5ad3ca92",
                "sha256:4155a7c29bf330329519027c815e15e381c1fff22f50d26f135584d482bbd95d",
                "sha256:452990c2b18445a7379a45873527d2ec47789b9289c13a17a3c1cc76b9641126",
                "sha256:4ba63b789d83ca92237dbc72041a268d91559f981c01763a107105878bae442e",
                "sha256:4dd97e45a0f450ba2c43cda18147e54b8e41e886c22e3506c62f7d61e9e53b0d",
                "sha256:51142c9d40439f299594e399bef8892a16586ded54c88d3af926865ca221a177",
                "sha256:5304ad25d100d50b5bc8513ef110335df678f66c7ccf3d4728c0c3aa69e08e0c",
                "sha256:585271d6ad545a2ccfc237582f70c160e627735c89d0ca2bde24afa321bc0750",
                "sha256:5c8a884d60dd2eed2fc95a9474d57ead82adf254f54caffb3d9e8ed185c49aba",
                "sha256:644552d1e89983c08d0c24358fbcb5829ae5b5deee9d876e16d20085cfa7dc81",
                "sha256:681fed63c948f757466eeb3aea98873e2ab8b2b18e9020c96a97479a513e2018",
                "sha256:68e38122115a8097fbe1cfe52979a797eaff91c10c1bf4b27774e5f30e7f723a",
                "sha256:6c45ad95e82155372d9908774db46e0ef7880af28a734d0b14eaa4f505e64982",
                "sha256:6f73946c047a38640b1f5a2a459237b7bdc417ab028a76c796e4eea984b359b9",
                "sha256:6fc4376266ae67f6d8f9e69386ab950eb84ba345c6fdbeb1884fa5b773c8c76b",
                "sha256:74e41a0222e6e8136e38f103d6cc228e4e20f1c35cc80224a42804fd67fb35c8",
                "sha256:7a4bed7bd7b288cf73ba47bda27fdd1d78ef6906831489e7f296aef9e786eccb",
                "sha256:7ba8be1717b1867a85b2413a8585bad0e4507a22d6af2c244e1c74151f6d5cc0",
                "sha256:7bbb87f040e618bebe8c6257b3e4e8ae2f708dcbff3270c84718b3360a152799",
                "sha256:838d35eb9006d36f9241e95958d9f4819bcf1ea2ec155daf92d5751c31bcc62b",
                "sha256:8dca10174a3bd482d969a2d12d0aec2fdd63fb974e255ec0147e36a516a2d68a",
                "sha256:9937e819196b894ffd00801b24f1042dabda142f355313c3f20410993219bc4f",
                "sha256:994eaf4369e6bc24258f59fe8c6345037abcf24557571814e27879851c4353aa",
                "sha256:a48efcb5d3695b295c26835ed81048da8cd40e76c4fde2940c807aa452b560c9",
                "sha256:a53c4fe8e1c067e6c98b4526e982ed9486f08578ad8eb5f0e94f8cadf0c1d911",
                "sha256:a88944d2f99db71a3ca0c63d81f37e55b660edde0b07216fb65a3e46403ef004",
                "sha256:afe91153c2046fa8210b92def513124e0ea5b87ad8fa4c14fef8197204b980f1",
                "sha256:b09843123425337d2efee5c8ff6519e4dfc7b044db66c8bd560517fc1070a157",
                "sha256:b1ef400fc73ab0cb61b74a662ad4207917223aba6f933a9fea9b0fbe75de2361",
                "sha256:b2c7e4afde0d36926b091fa9613b18b65e911fcaa60024e8721f2dcfedc25329",
                "sha256:b631af423e6d5d35f9f37fbcc4fbdb6085abc1c441cf864c64b7fbb5b150faf7",
                "sha256:caeadbf95ce277f1f8f4f71913bc20c01f49fc9228f238920f9ff6f7645d2a5f",
                "sha256:ce441ab7ad1db592e2db95b6c2a1eb882123532897340afac1342c28819e9833",
                "sha256:ce620a6563b21aa3fbb1658bc1bfddb484a6dad542de1efb5121eb7bb4f2b93a",
                "sha256:d0b26d9d6eb9a0979d37f28c715e717a409c9e03163e5cd8fa73aab806351ab5",
                "sha256:d423956f8dfd98a075c9338b886414b6e3c2817dbf67935797466c998af39936",
                "sha256:e2b1c372583eb4363b42e21222d3a18116a41973781d502d61e1b0daf4b8352f",
                "sha256:fa616d0d3c594785c6e9b7f42686bb1c86f9e64aa0f30a72c86d8eb315f54194",
                "sha256:fdac161127ef8e0889180a4c07475457c55fe0bbd644436d8f4c7ef07565d653",
                "sha256:fe4e8f71e2fd42dce245bace7e2aa97dabef13926750a351eadca89a1e0f1abd"
            ],
            "index": "pypi",
            "version": "==5.1.0"
        },
        "urllib3": {
            "hashes": [
                "sha256:44ece4d53fb1706f667c9bd1c648f5469a2ec925fcf3a776667042d645472c14",
                "sha256:aabaf16477806a5e1dd19aa41f8c2b7950dd3c746362d7e3223dbe6de6ac448e"
            ],
            "markers": "python_version >= '2.7' and python_version not in '3.0, 3.1, 3.2, 3.3, 3.4' and python_version < '4'",
            "version": "==1.26.9"
        }
    },
    "develop": {}
}
